
Microsoft Visual Studio Solution File, Format Version 12.00
# Visual Studio Version 17
VisualStudioVersion = 17.0.32014.148
MinimumVisualStudioVersion = 10.0.40219.1
Project("{9A19103F-16F7-4668-BE54-9A1E7A4F7556}") = "Fluxera.Extensions.Hosting", "..\src\Fluxera.Extensions.Hosting\Fluxera.Extensions.Hosting.csproj", "{DEAF1B7E-F156-42F2-94F3-DABB0AC4EF9A}"
EndProject
Project("{9A19103F-16F7-4668-BE54-9A1E7A4F7556}") = "Fluxera.Extensions.Hosting.Abstractions", "..\src\Fluxera.Extensions.Hosting.Abstractions\Fluxera.Extensions.Hosting.Abstractions.csproj", "{BBF0945F-463D-469B-8BDA-EAEF0BD5C898}"
EndProject
Project("{9A19103F-16F7-4668-BE54-9A1E7A4F7556}") = "Fluxera.Extensions.Hosting.AspNetCore", "..\src\Fluxera.Extensions.Hosting.AspNetCore\Fluxera.Extensions.Hosting.AspNetCore.csproj", "{4A791D9D-198B-46B1-BFE0-F4D85C716F92}"
EndProject
Project("{9A19103F-16F7-4668-BE54-9A1E7A4F7556}") = "Fluxera.Extensions.Hosting.Blazor", "..\src\Fluxera.Extensions.Hosting.Blazor\Fluxera.Extensions.Hosting.Blazor.csproj", "{3B24F6EB-48F3-4C29-97BE-4990CC13496E}"
EndProject
Project("{9A19103F-16F7-4668-BE54-9A1E7A4F7556}") = "Fluxera.Extensions.Hosting.Console", "..\src\Fluxera.Extensions.Hosting.Console\Fluxera.Extensions.Hosting.Console.csproj", "{373BDB0D-7439-4ECE-BE9C-2CB25CF7655B}"
EndProject
Project("{9A19103F-16F7-4668-BE54-9A1E7A4F7556}") = "Fluxera.Extensions.Hosting.WindowsService", "..\src\Fluxera.Extensions.Hosting.WindowsService\Fluxera.Extensions.Hosting.WindowsService.csproj", "{96C094F4-7FA7-4D09-8BDF-A298B17B9928}"
EndProject
Project("{9A19103F-16F7-4668-BE54-9A1E7A4F7556}") = "Fluxera.Extensions.Hosting.Wpf", "..\src\Fluxera.Extensions.Hosting.Wpf\Fluxera.Extensions.Hosting.Wpf.csproj", "{ECFF54BA-B8CA-4D91-A8D0-3E2C6579E079}"
EndProject
Project("{2150E333-8FDC-42A3-9474-1A3956D46DE8}") = ".library", ".library", "{A45137A0-3DE2-4862-BC9E-400B73CC9480}"
EndProject
Project("{9A19103F-16F7-4668-BE54-9A1E7A4F7556}") = "ConsoleApp1", "ConsoleApp1\ConsoleApp1.csproj", "{C5456B55-F2D3-4A10-82A4-8DBE274AC69D}"
EndProject
Project("{9A19103F-16F7-4668-BE54-9A1E7A4F7556}") = "WebApplication1", "WebApplication1\WebApplication1.csproj", "{F66B6C75-8E78-4C1B-A9C0-4923E4B83225}"
EndProject
Project("{9A19103F-16F7-4668-BE54-9A1E7A4F7556}") = "WpfApp1", "WpfApp1\WpfApp1.csproj", "{DE04A7B6-212C-4252-8A7A-E15D2B9CDBDD}"
EndProject
Project("{2150E333-8FDC-42A3-9474-1A3956D46DE8}") = "samples", "samples", "{6D85FEE6-75DA-4351-985D-34FF655DB84C}"
	ProjectSection(SolutionItems) = preProject
		Directory.Build.props = Directory.Build.props
	EndProjectSection
EndProject
Project("{9A19103F-16F7-4668-BE54-9A1E7A4F7556}") = "Fluxera.Extensions.Hosting.Maui", "..\src\Fluxera.Extensions.Hosting.Maui\Fluxera.Extensions.Hosting.Maui.csproj", "{AA6520D8-C31D-461E-BBD6-3DE3103A6ED0}"
EndProject
Project("{9A19103F-16F7-4668-BE54-9A1E7A4F7556}") = "MauiApp1", "MauiApp1\MauiApp1.csproj", "{4335A2A5-0602-4EA6-B051-8F9AB86EB1A6}"
EndProject
Project("{9A19103F-16F7-4668-BE54-9A1E7A4F7556}") = "TestProject1", "TestProject1\TestProject1.csproj", "{0C94A6BC-CF19-4EF9-AD13-5D455F7866C7}"
EndProject
Project("{9A19103F-16F7-4668-BE54-9A1E7A4F7556}") = "Fluxera.Extensions.Hosting.AspNetCore.TestHost", "..\src\Fluxera.Extensions.Hosting.AspNetCore.TestHost\Fluxera.Extensions.Hosting.AspNetCore.TestHost.csproj", "{326C01D9-FF55-4BCF-9C64-A012AF24E0B8}"
EndProject
Project("{9A19103F-16F7-4668-BE54-9A1E7A4F7556}") = "BlazorApp1", "BlazorApp1\BlazorApp1.csproj", "{ADC37B0F-E535-4CED-A434-774C26CC76C1}"
EndProject
Project("{9A19103F-16F7-4668-BE54-9A1E7A4F7556}") = "BlazorApp2", "BlazorApp2\BlazorApp2\BlazorApp2.csproj", "{62802EF0-456D-4172-B234-238B796B0790}"
EndProject
Project("{9A19103F-16F7-4668-BE54-9A1E7A4F7556}") = "BlazorApp2.Client", "BlazorApp2\BlazorApp2.Client\BlazorApp2.Client.csproj", "{5C424875-056E-4662-997E-D55EE61D2D12}"
EndProject
Project("{2150E333-8FDC-42A3-9474-1A3956D46DE8}") = "BlazorApp2", "BlazorApp2", "{71808A6D-BEC7-47BF-B01F-E9778EC6E6D4}"
EndProject
Global
	GlobalSection(SolutionConfigurationPlatforms) = preSolution
		Debug|Any CPU = Debug|Any CPU
		Release|Any CPU = Release|Any CPU
	EndGlobalSection
	GlobalSection(ProjectConfigurationPlatforms) = postSolution
		{DEAF1B7E-F156-42F2-94F3-DABB0AC4EF9A}.Debug|Any CPU.ActiveCfg = Debug|Any CPU
		{DEAF1B7E-F156-42F2-94F3-DABB0AC4EF9A}.Debug|Any CPU.Build.0 = Debug|Any CPU
		{DEAF1B7E-F156-42F2-94F3-DABB0AC4EF9A}.Release|Any CPU.ActiveCfg = Release|Any CPU
		{DEAF1B7E-F156-42F2-94F3-DABB0AC4EF9A}.Release|Any CPU.Build.0 = Release|Any CPU
		{BBF0945F-463D-469B-8BDA-EAEF0BD5C898}.Debug|Any CPU.ActiveCfg = Debug|Any CPU
		{BBF0945F-463D-469B-8BDA-EAEF0BD5C898}.Debug|Any CPU.Build.0 = Debug|Any CPU
		{BBF0945F-463D-469B-8BDA-EAEF0BD5C898}.Release|Any CPU.ActiveCfg = Release|Any CPU
		{BBF0945F-463D-469B-8BDA-EAEF0BD5C898}.Release|Any CPU.Build.0 = Release|Any CPU
		{4A791D9D-198B-46B1-BFE0-F4D85C716F92}.Debug|Any CPU.ActiveCfg = Debug|Any CPU
		{4A791D9D-198B-46B1-BFE0-F4D85C716F92}.Debug|Any CPU.Build.0 = Debug|Any CPU
		{4A791D9D-198B-46B1-BFE0-F4D85C716F92}.Release|Any CPU.ActiveCfg = Release|Any CPU
		{4A791D9D-198B-46B1-BFE0-F4D85C716F92}.Release|Any CPU.Build.0 = Release|Any CPU
		{3B24F6EB-48F3-4C29-97BE-4990CC13496E}.Debug|Any CPU.ActiveCfg = Debug|Any CPU
		{3B24F6EB-48F3-4C29-97BE-4990CC13496E}.Debug|Any CPU.Build.0 = Debug|Any CPU
		{3B24F6EB-48F3-4C29-97BE-4990CC13496E}.Release|Any CPU.ActiveCfg = Release|Any CPU
		{3B24F6EB-48F3-4C29-97BE-4990CC13496E}.Release|Any CPU.Build.0 = Release|Any CPU
		{373BDB0D-7439-4ECE-BE9C-2CB25CF7655B}.Debug|Any CPU.ActiveCfg = Debug|Any CPU
		{373BDB0D-7439-4ECE-BE9C-2CB25CF7655B}.Debug|Any CPU.Build.0 = Debug|Any CPU
		{373BDB0D-7439-4ECE-BE9C-2CB25CF7655B}.Release|Any CPU.ActiveCfg = Release|Any CPU
		{373BDB0D-7439-4ECE-BE9C-2CB25CF7655B}.Release|Any CPU.Build.0 = Release|Any CPU
		{96C094F4-7FA7-4D09-8BDF-A298B17B9928}.Debug|Any CPU.ActiveCfg = Debug|Any CPU
		{96C094F4-7FA7-4D09-8BDF-A298B17B9928}.Debug|Any CPU.Build.0 = Debug|Any CPU
		{96C094F4-7FA7-4D09-8BDF-A298B17B9928}.Release|Any CPU.ActiveCfg = Release|Any CPU
		{96C094F4-7FA7-4D09-8BDF-A298B17B9928}.Release|Any CPU.Build.0 = Release|Any CPU
		{ECFF54BA-B8CA-4D91-A8D0-3E2C6579E079}.Debug|Any CPU.ActiveCfg = Debug|Any CPU
		{ECFF54BA-B8CA-4D91-A8D0-3E2C6579E079}.Debug|Any CPU.Build.0 = Debug|Any CPU
		{ECFF54BA-B8CA-4D91-A8D0-3E2C6579E079}.Release|Any CPU.ActiveCfg = Release|Any CPU
		{ECFF54BA-B8CA-4D91-A8D0-3E2C6579E079}.Release|Any CPU.Build.0 = Release|Any CPU
		{C5456B55-F2D3-4A10-82A4-8DBE274AC69D}.Debug|Any CPU.ActiveCfg = Debug|Any CPU
		{C5456B55-F2D3-4A10-82A4-8DBE274AC69D}.Debug|Any CPU.Build.0 = Debug|Any CPU
		{C5456B55-F2D3-4A10-82A4-8DBE274AC69D}.Release|Any CPU.ActiveCfg = Release|Any CPU
		{C5456B55-F2D3-4A10-82A4-8DBE274AC69D}.Release|Any CPU.Build.0 = Release|Any CPU
		{F66B6C75-8E78-4C1B-A9C0-4923E4B83225}.Debug|Any CPU.ActiveCfg = Debug|Any CPU
		{F66B6C75-8E78-4C1B-A9C0-4923E4B83225}.Debug|Any CPU.Build.0 = Debug|Any CPU
		{F66B6C75-8E78-4C1B-A9C0-4923E4B83225}.Release|Any CPU.ActiveCfg = Release|Any CPU
		{F66B6C75-8E78-4C1B-A9C0-4923E4B83225}.Release|Any CPU.Build.0 = Release|Any CPU
		{DE04A7B6-212C-4252-8A7A-E15D2B9CDBDD}.Debug|Any CPU.ActiveCfg = Debug|Any CPU
		{DE04A7B6-212C-4252-8A7A-E15D2B9CDBDD}.Debug|Any CPU.Build.0 = Debug|Any CPU
		{DE04A7B6-212C-4252-8A7A-E15D2B9CDBDD}.Release|Any CPU.ActiveCfg = Release|Any CPU
		{DE04A7B6-212C-4252-8A7A-E15D2B9CDBDD}.Release|Any CPU.Build.0 = Release|Any CPU
		{AA6520D8-C31D-461E-BBD6-3DE3103A6ED0}.Debug|Any CPU.ActiveCfg = Debug|Any CPU
		{AA6520D8-C31D-461E-BBD6-3DE3103A6ED0}.Debug|Any CPU.Build.0 = Debug|Any CPU
		{AA6520D8-C31D-461E-BBD6-3DE3103A6ED0}.Release|Any CPU.ActiveCfg = Release|Any CPU
		{AA6520D8-C31D-461E-BBD6-3DE3103A6ED0}.Release|Any CPU.Build.0 = Release|Any CPU
		{4335A2A5-0602-4EA6-B051-8F9AB86EB1A6}.Debug|Any CPU.ActiveCfg = Debug|Any CPU
		{4335A2A5-0602-4EA6-B051-8F9AB86EB1A6}.Debug|Any CPU.Build.0 = Debug|Any CPU
		{4335A2A5-0602-4EA6-B051-8F9AB86EB1A6}.Debug|Any CPU.Deploy.0 = Debug|Any CPU
		{4335A2A5-0602-4EA6-B051-8F9AB86EB1A6}.Release|Any CPU.ActiveCfg = Release|Any CPU
		{4335A2A5-0602-4EA6-B051-8F9AB86EB1A6}.Release|Any CPU.Build.0 = Release|Any CPU
		{4335A2A5-0602-4EA6-B051-8F9AB86EB1A6}.Release|Any CPU.Deploy.0 = Release|Any CPU
		{0C94A6BC-CF19-4EF9-AD13-5D455F7866C7}.Debug|Any CPU.ActiveCfg = Debug|Any CPU
		{0C94A6BC-CF19-4EF9-AD13-5D455F7866C7}.Debug|Any CPU.Build.0 = Debug|Any CPU
		{0C94A6BC-CF19-4EF9-AD13-5D455F7866C7}.Release|Any CPU.ActiveCfg = Release|Any CPU
		{0C94A6BC-CF19-4EF9-AD13-5D455F7866C7}.Release|Any CPU.Build.0 = Release|Any CPU
		{326C01D9-FF55-4BCF-9C64-A012AF24E0B8}.Debug|Any CPU.ActiveCfg = Debug|Any CPU
		{326C01D9-FF55-4BCF-9C64-A012AF24E0B8}.Debug|Any CPU.Build.0 = Debug|Any CPU
		{326C01D9-FF55-4BCF-9C64-A012AF24E0B8}.Release|Any CPU.ActiveCfg = Release|Any CPU
		{326C01D9-FF55-4BCF-9C64-A012AF24E0B8}.Release|Any CPU.Build.0 = Release|Any CPU
		{ADC37B0F-E535-4CED-A434-774C26CC76C1}.Debug|Any CPU.ActiveCfg = Debug|Any CPU
		{ADC37B0F-E535-4CED-A434-774C26CC76C1}.Debug|Any CPU.Build.0 = Debug|Any CPU
		{ADC37B0F-E535-4CED-A434-774C26CC76C1}.Release|Any CPU.ActiveCfg = Release|Any CPU
		{ADC37B0F-E535-4CED-A434-774C26CC76C1}.Release|Any CPU.Build.0 = Release|Any CPU
		{62802EF0-456D-4172-B234-238B796B0790}.Debug|Any CPU.ActiveCfg = Debug|Any CPU
		{62802EF0-456D-4172-B234-238B796B0790}.Debug|Any CPU.Build.0 = Debug|Any CPU
		{62802EF0-456D-4172-B234-238B796B0790}.Release|Any CPU.ActiveCfg = Release|Any CPU
		{62802EF0-456D-4172-B234-238B796B0790}.Release|Any CPU.Build.0 = Release|Any CPU
		{5C424875-056E-4662-997E-D55EE61D2D12}.Debug|Any CPU.ActiveCfg = Debug|Any CPU
		{5C424875-056E-4662-997E-D55EE61D2D12}.Debug|Any CPU.Build.0 = Debug|Any CPU
		{5C424875-056E-4662-997E-D55EE61D2D12}.Release|Any CPU.ActiveCfg = Release|Any CPU
		{5C424875-056E-4662-997E-D55EE61D2D12}.Release|Any CPU.Build.0 = Release|Any CPU
	EndGlobalSection
	GlobalSection(SolutionProperties) = preSolution
		HideSolutionNode = FALSE
	EndGlobalSection
	GlobalSection(NestedProjects) = preSolution
		{DEAF1B7E-F156-42F2-94F3-DABB0AC4EF9A} = {A45137A0-3DE2-4862-BC9E-400B73CC9480}
		{BBF0945F-463D-469B-8BDA-EAEF0BD5C898} = {A45137A0-3DE2-4862-BC9E-400B73CC9480}
		{4A791D9D-198B-46B1-BFE0-F4D85C716F92} = {A45137A0-3DE2-4862-BC9E-400B73CC9480}
		{3B24F6EB-48F3-4C29-97BE-4990CC13496E} = {A45137A0-3DE2-4862-BC9E-400B73CC9480}
		{373BDB0D-7439-4ECE-BE9C-2CB25CF7655B} = {A45137A0-3DE2-4862-BC9E-400B73CC9480}
		{96C094F4-7FA7-4D09-8BDF-A298B17B9928} = {A45137A0-3DE2-4862-BC9E-400B73CC9480}
		{ECFF54BA-B8CA-4D91-A8D0-3E2C6579E079} = {A45137A0-3DE2-4862-BC9E-400B73CC9480}
		{C5456B55-F2D3-4A10-82A4-8DBE274AC69D} = {6D85FEE6-75DA-4351-985D-34FF655DB84C}
		{F66B6C75-8E78-4C1B-A9C0-4923E4B83225} = {6D85FEE6-75DA-4351-985D-34FF655DB84C}
		{DE04A7B6-212C-4252-8A7A-E15D2B9CDBDD} = {6D85FEE6-75DA-4351-985D-34FF655DB84C}
		{AA6520D8-C31D-461E-BBD6-3DE3103A6ED0} = {A45137A0-3DE2-4862-BC9E-400B73CC9480}
		{4335A2A5-0602-4EA6-B051-8F9AB86EB1A6} = {6D85FEE6-75DA-4351-985D-34FF655DB84C}
		{0C94A6BC-CF19-4EF9-AD13-5D455F7866C7} = {6D85FEE6-75DA-4351-985D-34FF655DB84C}
		{326C01D9-FF55-4BCF-9C64-A012AF24E0B8} = {A45137A0-3DE2-4862-BC9E-400B73CC9480}
		{ADC37B0F-E535-4CED-A434-774C26CC76C1} = {6D85FEE6-75DA-4351-985D-34FF655DB84C}
		{62802EF0-456D-4172-B234-238B796B0790} = {71808A6D-BEC7-47BF-B01F-E9778EC6E6D4}
		{5C424875-056E-4662-997E-D55EE61D2D12} = {71808A6D-BEC7-47BF-B01F-E9778EC6E6D4}
		{71808A6D-BEC7-47BF-B01F-E9778EC6E6D4} = {6D85FEE6-75DA-4351-985D-34FF655DB84C}
	EndGlobalSection
	GlobalSection(ExtensibilityGlobals) = postSolution
		SolutionGuid = {2552514A-A13C-4FFA-B983-2A00C60A72F4}
	EndGlobalSection
EndGlobal
